// !$*UTF8*$!
{
	archiveVersion = 1;
	classes = {
	};
	objectVersion = 56;
	objects = {

/* Begin PBXBuildFile section */
		DEE276672B70EFF800DB0012 /* 85.cpp in Sources */ = {isa = PBXBuildFile; fileRef = DEE276662B70EFF800DB0012 /* 85.cpp */; };
/* End PBXBuildFile section */

/* Begin PBXCopyFilesBuildPhase section */
		DEA78B6C29D97AD000A1BE33 /* CopyFiles */ = {
			isa = PBXCopyFilesBuildPhase;
			buildActionMask = 2147483647;
			dstPath = /usr/share/man/man1/;
			dstSubfolderSpec = 0;
			files = (
			);
			runOnlyForDeploymentPostprocessing = 1;
		};
/* End PBXCopyFilesBuildPhase section */

/* Begin PBXFileReference section */
		DE07CF392B5FD83B001CF9A5 /* 72.cpp */ = {isa = PBXFileReference; lastKnownFileType = sourcecode.cpp.cpp; path = 72.cpp; sourceTree = "<group>"; };
		DE20EA062B0054C3007973A0 /* DP_9.cpp */ = {isa = PBXFileReference; lastKnownFileType = sourcecode.cpp.cpp; path = DP_9.cpp; sourceTree = "<group>"; };
		DE21B72C2B4FD41F00FA8BA3 /* 82.cpp */ = {isa = PBXFileReference; lastKnownFileType = sourcecode.cpp.cpp; path = 82.cpp; sourceTree = "<group>"; };
		DE28B35929DFC11D00E64135 /* DP_2.cpp */ = {isa = PBXFileReference; lastKnownFileType = sourcecode.cpp.cpp; path = DP_2.cpp; sourceTree = "<group>"; };
		DE28B35B29DFC41200E64135 /* 4.cpp */ = {isa = PBXFileReference; lastKnownFileType = sourcecode.cpp.cpp; path = 4.cpp; sourceTree = "<group>"; };
		DE28B35D29DFC58B00E64135 /* input.txt */ = {isa = PBXFileReference; lastKnownFileType = text; path = input.txt; sourceTree = "<group>"; };
		DE28B35E29DFC83000E64135 /* 35.cpp */ = {isa = PBXFileReference; lastKnownFileType = sourcecode.cpp.cpp; path = 35.cpp; sourceTree = "<group>"; };
		DE28B36029DFCEF500E64135 /* 58.cpp */ = {isa = PBXFileReference; lastKnownFileType = sourcecode.cpp.cpp; path = 58.cpp; sourceTree = "<group>"; };
		DE2937742B57D086006CC62C /* 84.cpp */ = {isa = PBXFileReference; lastKnownFileType = sourcecode.cpp.cpp; path = 84.cpp; sourceTree = "<group>"; };
		DE3D938C29E15E8B007134CE /* 79.cpp */ = {isa = PBXFileReference; lastKnownFileType = sourcecode.cpp.cpp; path = 79.cpp; sourceTree = "<group>"; };
		DE40DCAA29DD50B9004B6328 /* DP_1.cpp */ = {isa = PBXFileReference; lastKnownFileType = sourcecode.cpp.cpp; path = DP_1.cpp; sourceTree = "<group>"; };
		DE40DCAC29DD53A4004B6328 /* 3.cpp */ = {isa = PBXFileReference; lastKnownFileType = sourcecode.cpp.cpp; path = 3.cpp; sourceTree = "<group>"; };
		DE40DCAE29DD81F6004B6328 /* 34.cpp */ = {isa = PBXFileReference; lastKnownFileType = sourcecode.cpp.cpp; path = 34.cpp; sourceTree = "<group>"; };
		DE40DCB129DD839D004B6328 /* 57.cpp */ = {isa = PBXFileReference; lastKnownFileType = sourcecode.cpp.cpp; path = 57.cpp; sourceTree = "<group>"; };
		DE40DCB329DD864B004B6328 /* 78.cpp */ = {isa = PBXFileReference; lastKnownFileType = sourcecode.cpp.cpp; path = 78.cpp; sourceTree = "<group>"; };
		DE412EEE2B5FD42C00098CC7 /* 65.cpp */ = {isa = PBXFileReference; lastKnownFileType = sourcecode.cpp.cpp; path = 65.cpp; sourceTree = "<group>"; };
		DE56023B2A14ED51007E6BD4 /* work.cpp */ = {isa = PBXFileReference; lastKnownFileType = sourcecode.cpp.cpp; path = work.cpp; sourceTree = "<group>"; };
		DE6448E22B48E88B00E7FCDF /* 69.cpp */ = {isa = PBXFileReference; lastKnownFileType = sourcecode.cpp.cpp; path = 69.cpp; sourceTree = "<group>"; };
		DE6448E42B48EF4B00E7FCDF /* 70.cpp */ = {isa = PBXFileReference; lastKnownFileType = sourcecode.cpp.cpp; path = 70.cpp; sourceTree = "<group>"; };
		DE6448E82B4A6FF300E7FCDF /* 71.cpp */ = {isa = PBXFileReference; lastKnownFileType = sourcecode.cpp.cpp; path = 71.cpp; sourceTree = "<group>"; };
		DE6448EC2B4A89C500E7FCDF /* 87.cpp */ = {isa = PBXFileReference; lastKnownFileType = sourcecode.cpp.cpp; path = 87.cpp; sourceTree = "<group>"; };
		DE6448F22B4AC58000E7FCDF /* DP_10.cpp */ = {isa = PBXFileReference; lastKnownFileType = sourcecode.cpp.cpp; path = DP_10.cpp; sourceTree = "<group>"; };
		DE6472DD2B2C525C00486FFE /* 81.cpp */ = {isa = PBXFileReference; lastKnownFileType = sourcecode.cpp.cpp; path = 81.cpp; sourceTree = "<group>"; };
		DE6859902AEA08CC0063EA86 /* DP_5.cpp */ = {isa = PBXFileReference; lastKnownFileType = sourcecode.cpp.cpp; path = DP_5.cpp; sourceTree = "<group>"; };
		DE7B439B2B2B01DF00CF950F /* DP_6.cpp */ = {isa = PBXFileReference; lastKnownFileType = sourcecode.cpp.cpp; path = DP_6.cpp; sourceTree = "<group>"; };
		DE7D2CDB2B4D461100F26C1E /* DP_11.cpp */ = {isa = PBXFileReference; lastKnownFileType = sourcecode.cpp.cpp; path = DP_11.cpp; sourceTree = "<group>"; };
		DE7FC0202B30448A00C07136 /* DP_7.cpp */ = {isa = PBXFileReference; lastKnownFileType = sourcecode.cpp.cpp; path = DP_7.cpp; sourceTree = "<group>"; };
		DE9892EB2B56876400BA7831 /* 83.cpp */ = {isa = PBXFileReference; lastKnownFileType = sourcecode.cpp.cpp; path = 83.cpp; sourceTree = "<group>"; };
		DE9B140B2B4E7AD5009FC86F /* 88.cpp */ = {isa = PBXFileReference; lastKnownFileType = sourcecode.cpp.cpp; path = 88.cpp; sourceTree = "<group>"; };
		DE9B140E2B4E7F7F009FC86F /* 90.cpp */ = {isa = PBXFileReference; lastKnownFileType = sourcecode.cpp.cpp; path = 90.cpp; sourceTree = "<group>"; };
		DEA00E3E2B462C1B00E3165A /* 62.cpp */ = {isa = PBXFileReference; lastKnownFileType = sourcecode.cpp.cpp; path = 62.cpp; sourceTree = "<group>"; };
		DEA00E402B46B0BC00E3165A /* 63.cpp */ = {isa = PBXFileReference; lastKnownFileType = sourcecode.cpp.cpp; path = 63.cpp; sourceTree = "<group>"; };
		DEA78B6E29D97AD000A1BE33 /* CodingTestLecture */ = {isa = PBXFileReference; explicitFileType = "compiled.mach-o.executable"; includeInIndex = 0; path = CodingTestLecture; sourceTree = BUILT_PRODUCTS_DIR; };
		DEA78B7129D97AD000A1BE33 /* 1.cpp */ = {isa = PBXFileReference; lastKnownFileType = sourcecode.cpp.cpp; path = 1.cpp; sourceTree = "<group>"; };
		DEA78B7829D97F1800A1BE33 /* 32.cpp */ = {isa = PBXFileReference; lastKnownFileType = sourcecode.cpp.cpp; path = 32.cpp; sourceTree = "<group>"; };
		DEA78B7A29D9A7C700A1BE33 /* 56.cpp */ = {isa = PBXFileReference; lastKnownFileType = sourcecode.cpp.cpp; path = 56.cpp; sourceTree = "<group>"; };
		DEA78B7C29D9AAAE00A1BE33 /* 76_1.cpp */ = {isa = PBXFileReference; lastKnownFileType = sourcecode.cpp.cpp; path = 76_1.cpp; sourceTree = "<group>"; };
		DEA78B7E29D9ABFD00A1BE33 /* 76_2.cpp */ = {isa = PBXFileReference; lastKnownFileType = sourcecode.cpp.cpp; path = 76_2.cpp; sourceTree = "<group>"; };
		DEBC87BB2B457B7B002E4E23 /* 61.cpp */ = {isa = PBXFileReference; lastKnownFileType = sourcecode.cpp.cpp; path = 61.cpp; sourceTree = "<group>"; };
		DEBC87BD2B45857B002E4E23 /* 39.cpp */ = {isa = PBXFileReference; lastKnownFileType = sourcecode.cpp.cpp; path = 39.cpp; sourceTree = "<group>"; };
		DEBFE2352B3D8037008E17A5 /* DP_8.cpp */ = {isa = PBXFileReference; lastKnownFileType = sourcecode.cpp.cpp; path = DP_8.cpp; sourceTree = "<group>"; };
		DEC6FBB22AE2695D0036B9CD /* 60.cpp */ = {isa = PBXFileReference; lastKnownFileType = sourcecode.cpp.cpp; path = 60.cpp; sourceTree = "<group>"; };
		DECE3D8D29DA6DF8008C4CF7 /* DP_0.cpp */ = {isa = PBXFileReference; lastKnownFileType = sourcecode.cpp.cpp; path = DP_0.cpp; sourceTree = "<group>"; };
		DECE3D8F29DA708E008C4CF7 /* 2.cpp */ = {isa = PBXFileReference; lastKnownFileType = sourcecode.cpp.cpp; path = 2.cpp; sourceTree = "<group>"; };
		DECE3D9129DA7222008C4CF7 /* 33.cpp */ = {isa = PBXFileReference; lastKnownFileType = sourcecode.cpp.cpp; path = 33.cpp; sourceTree = "<group>"; };
		DECE3D9529DA7AEB008C4CF7 /* 77.cpp */ = {isa = PBXFileReference; lastKnownFileType = sourcecode.cpp.cpp; path = 77.cpp; sourceTree = "<group>"; };
		DED377202A08A11C00A17E1C /* 59.cpp */ = {isa = PBXFileReference; lastKnownFileType = sourcecode.cpp.cpp; path = 59.cpp; sourceTree = "<group>"; };
		DED377222A08A3CE00A17E1C /* 80.cpp */ = {isa = PBXFileReference; lastKnownFileType = sourcecode.cpp.cpp; path = 80.cpp; sourceTree = "<group>"; };
		DEE1425C2B567F19004A17A3 /* 64.cpp */ = {isa = PBXFileReference; lastKnownFileType = sourcecode.cpp.cpp; path = 64.cpp; sourceTree = "<group>"; };
		DEE276662B70EFF800DB0012 /* 85.cpp */ = {isa = PBXFileReference; lastKnownFileType = sourcecode.cpp.cpp; path = 85.cpp; sourceTree = "<group>"; };
		DEEE83072A076568007DC1C6 /* DP_4.cpp */ = {isa = PBXFileReference; lastKnownFileType = sourcecode.cpp.cpp; path = DP_4.cpp; sourceTree = "<group>"; };
		DEEE83092A0769B7007DC1C6 /* 5.cpp */ = {isa = PBXFileReference; lastKnownFileType = sourcecode.cpp.cpp; path = 5.cpp; sourceTree = "<group>"; };
		DEEE830B2A076C7A007DC1C6 /* 36.cpp */ = {isa = PBXFileReference; lastKnownFileType = sourcecode.cpp.cpp; path = 36.cpp; sourceTree = "<group>"; };
/* End PBXFileReference section */

/* Begin PBXFrameworksBuildPhase section */
		DEA78B6B29D97AD000A1BE33 /* Frameworks */ = {
			isa = PBXFrameworksBuildPhase;
			buildActionMask = 2147483647;
			files = (
			);
			runOnlyForDeploymentPostprocessing = 0;
		};
/* End PBXFrameworksBuildPhase section */

/* Begin PBXGroup section */
		DEA78B6529D97AD000A1BE33 = {
			isa = PBXGroup;
			children = (
				DEA78B7029D97AD000A1BE33 /* CodingTestLecture */,
				DEA78B6F29D97AD000A1BE33 /* Products */,
			);
			sourceTree = "<group>";
		};
		DEA78B6F29D97AD000A1BE33 /* Products */ = {
			isa = PBXGroup;
			children = (
				DEA78B6E29D97AD000A1BE33 /* CodingTestLecture */,
			);
			name = Products;
			sourceTree = "<group>";
		};
		DEA78B7029D97AD000A1BE33 /* CodingTestLecture */ = {
			isa = PBXGroup;
			children = (
				DE28B35D29DFC58B00E64135 /* input.txt */,
				DEA78B7129D97AD000A1BE33 /* 1.cpp */,
				DEA78B7829D97F1800A1BE33 /* 32.cpp */,
				DEA78B7A29D9A7C700A1BE33 /* 56.cpp */,
				DEA78B7C29D9AAAE00A1BE33 /* 76_1.cpp */,
				DEA78B7E29D9ABFD00A1BE33 /* 76_2.cpp */,
				DECE3D8D29DA6DF8008C4CF7 /* DP_0.cpp */,
				DECE3D8F29DA708E008C4CF7 /* 2.cpp */,
				DECE3D9129DA7222008C4CF7 /* 33.cpp */,
				DECE3D9529DA7AEB008C4CF7 /* 77.cpp */,
				DE40DCAA29DD50B9004B6328 /* DP_1.cpp */,
				DE40DCAC29DD53A4004B6328 /* 3.cpp */,
				DE40DCAE29DD81F6004B6328 /* 34.cpp */,
				DE40DCB129DD839D004B6328 /* 57.cpp */,
				DE40DCB329DD864B004B6328 /* 78.cpp */,
				DE28B35929DFC11D00E64135 /* DP_2.cpp */,
				DE28B35B29DFC41200E64135 /* 4.cpp */,
				DE28B35E29DFC83000E64135 /* 35.cpp */,
				DE28B36029DFCEF500E64135 /* 58.cpp */,
				DE3D938C29E15E8B007134CE /* 79.cpp */,
				DEEE83072A076568007DC1C6 /* DP_4.cpp */,
				DE6859902AEA08CC0063EA86 /* DP_5.cpp */,
				DEEE83092A0769B7007DC1C6 /* 5.cpp */,
				DEEE830B2A076C7A007DC1C6 /* 36.cpp */,
				DED377202A08A11C00A17E1C /* 59.cpp */,
				DED377222A08A3CE00A17E1C /* 80.cpp */,
				DE56023B2A14ED51007E6BD4 /* work.cpp */,
				DEC6FBB22AE2695D0036B9CD /* 60.cpp */,
				DE20EA062B0054C3007973A0 /* DP_9.cpp */,
				DE7B439B2B2B01DF00CF950F /* DP_6.cpp */,
				DE6472DD2B2C525C00486FFE /* 81.cpp */,
				DE7FC0202B30448A00C07136 /* DP_7.cpp */,
				DEBFE2352B3D8037008E17A5 /* DP_8.cpp */,
				DEBC87BB2B457B7B002E4E23 /* 61.cpp */,
				DEBC87BD2B45857B002E4E23 /* 39.cpp */,
				DEA00E3E2B462C1B00E3165A /* 62.cpp */,
				DEA00E402B46B0BC00E3165A /* 63.cpp */,
				DE6448E22B48E88B00E7FCDF /* 69.cpp */,
				DE6448E42B48EF4B00E7FCDF /* 70.cpp */,
				DE6448E82B4A6FF300E7FCDF /* 71.cpp */,
				DE6448EC2B4A89C500E7FCDF /* 87.cpp */,
				DE6448F22B4AC58000E7FCDF /* DP_10.cpp */,
				DE7D2CDB2B4D461100F26C1E /* DP_11.cpp */,
				DE9B140B2B4E7AD5009FC86F /* 88.cpp */,
				DE9B140E2B4E7F7F009FC86F /* 90.cpp */,
				DE21B72C2B4FD41F00FA8BA3 /* 82.cpp */,
				DEE1425C2B567F19004A17A3 /* 64.cpp */,
				DE9892EB2B56876400BA7831 /* 83.cpp */,
				DE2937742B57D086006CC62C /* 84.cpp */,
				DE412EEE2B5FD42C00098CC7 /* 65.cpp */,
				DE07CF392B5FD83B001CF9A5 /* 72.cpp */,
				DEE276662B70EFF800DB0012 /* 85.cpp */,
			);
			path = CodingTestLecture;
			sourceTree = "<group>";
		};
/* End PBXGroup section */

/* Begin PBXNativeTarget section */
		DEA78B6D29D97AD000A1BE33 /* CodingTestLecture */ = {
			isa = PBXNativeTarget;
			buildConfigurationList = DEA78B7529D97AD000A1BE33 /* Build configuration list for PBXNativeTarget "CodingTestLecture" */;
			buildPhases = (
				DEA78B6A29D97AD000A1BE33 /* Sources */,
				DEA78B6B29D97AD000A1BE33 /* Frameworks */,
				DEA78B6C29D97AD000A1BE33 /* CopyFiles */,
			);
			buildRules = (
			);
			dependencies = (
			);
			name = CodingTestLecture;
			productName = CodingTestLecture;
			productReference = DEA78B6E29D97AD000A1BE33 /* CodingTestLecture */;
			productType = "com.apple.product-type.tool";
		};
/* End PBXNativeTarget section */

/* Begin PBXProject section */
		DEA78B6629D97AD000A1BE33 /* Project object */ = {
			isa = PBXProject;
			attributes = {
				BuildIndependentTargetsInParallel = 1;
				LastUpgradeCheck = 1430;
				TargetAttributes = {
					DEA78B6D29D97AD000A1BE33 = {
						CreatedOnToolsVersion = 14.3;
					};
				};
			};
			buildConfigurationList = DEA78B6929D97AD000A1BE33 /* Build configuration list for PBXProject "CodingTestLecture" */;
			compatibilityVersion = "Xcode 14.0";
			developmentRegion = en;
			hasScannedForEncodings = 0;
			knownRegions = (
				en,
				Base,
			);
			mainGroup = DEA78B6529D97AD000A1BE33;
			productRefGroup = DEA78B6F29D97AD000A1BE33 /* Products */;
			projectDirPath = "";
			projectRoot = "";
			targets = (
				DEA78B6D29D97AD000A1BE33 /* CodingTestLecture */,
			);
		};
/* End PBXProject section */

/* Begin PBXSourcesBuildPhase section */
		DEA78B6A29D97AD000A1BE33 /* Sources */ = {
			isa = PBXSourcesBuildPhase;
			buildActionMask = 2147483647;
			files = (
				DEE276672B70EFF800DB0012 /* 85.cpp in Sources */,
			);
			runOnlyForDeploymentPostprocessing = 0;
		};
/* End PBXSourcesBuildPhase section */

/* Begin XCBuildConfiguration section */
		DEA78B7329D97AD000A1BE33 /* Debug */ = {
			isa = XCBuildConfiguration;
			buildSettings = {
				ALWAYS_SEARCH_USER_PATHS = NO;
				CLANG_ANALYZER_NONNULL = YES;
				CLANG_ANALYZER_NUMBER_OBJECT_CONVERSION = YES_AGGRESSIVE;
				CLANG_CXX_LANGUAGE_STANDARD = "gnu++20";
				CLANG_ENABLE_MODULES = YES;
				CLANG_ENABLE_OBJC_ARC = YES;
				CLANG_ENABLE_OBJC_WEAK = YES;
				CLANG_WARN_BLOCK_CAPTURE_AUTORELEASING = YES;
				CLANG_WARN_BOOL_CONVERSION = YES;
				CLANG_WARN_COMMA = YES;
				CLANG_WARN_CONSTANT_CONVERSION = YES;
				CLANG_WARN_DEPRECATED_OBJC_IMPLEMENTATIONS = YES;
				CLANG_WARN_DIRECT_OBJC_ISA_USAGE = YES_ERROR;
				CLANG_WARN_DOCUMENTATION_COMMENTS = YES;
				CLANG_WARN_EMPTY_BODY = YES;
				CLANG_WARN_ENUM_CONVERSION = YES;
				CLANG_WARN_INFINITE_RECURSION = YES;
				CLANG_WARN_INT_CONVERSION = YES;
				CLANG_WARN_NON_LITERAL_NULL_CONVERSION = YES;
				CLANG_WARN_OBJC_IMPLICIT_RETAIN_SELF = YES;
				CLANG_WARN_OBJC_LITERAL_CONVERSION = YES;
				CLANG_WARN_OBJC_ROOT_CLASS = YES_ERROR;
				CLANG_WARN_QUOTED_INCLUDE_IN_FRAMEWORK_HEADER = YES;
				CLANG_WARN_RANGE_LOOP_ANALYSIS = YES;
				CLANG_WARN_STRICT_PROTOTYPES = YES;
				CLANG_WARN_SUSPICIOUS_MOVE = YES;
				CLANG_WARN_UNGUARDED_AVAILABILITY = YES_AGGRESSIVE;
				CLANG_WARN_UNREACHABLE_CODE = YES;
				CLANG_WARN__DUPLICATE_METHOD_MATCH = YES;
				COPY_PHASE_STRIP = NO;
				DEBUG_INFORMATION_FORMAT = dwarf;
				ENABLE_STRICT_OBJC_MSGSEND = YES;
				ENABLE_TESTABILITY = YES;
				GCC_C_LANGUAGE_STANDARD = gnu11;
				GCC_DYNAMIC_NO_PIC = NO;
				GCC_NO_COMMON_BLOCKS = YES;
				GCC_OPTIMIZATION_LEVEL = 0;
				GCC_PREPROCESSOR_DEFINITIONS = (
					"DEBUG=1",
					"$(inherited)",
				);
				GCC_WARN_64_TO_32_BIT_CONVERSION = YES;
				GCC_WARN_ABOUT_RETURN_TYPE = YES_ERROR;
				GCC_WARN_UNDECLARED_SELECTOR = YES;
				GCC_WARN_UNINITIALIZED_AUTOS = YES_AGGRESSIVE;
				GCC_WARN_UNUSED_FUNCTION = YES;
				GCC_WARN_UNUSED_VARIABLE = YES;
				MACOSX_DEPLOYMENT_TARGET = 13.2;
				MTL_ENABLE_DEBUG_INFO = INCLUDE_SOURCE;
				MTL_FAST_MATH = YES;
				ONLY_ACTIVE_ARCH = YES;
				SDKROOT = macosx;
			};
			name = Debug;
		};
		DEA78B7429D97AD000A1BE33 /* Release */ = {
			isa = XCBuildConfiguration;
			buildSettings = {
				ALWAYS_SEARCH_USER_PATHS = NO;
				CLANG_ANALYZER_NONNULL = YES;
				CLANG_ANALYZER_NUMBER_OBJECT_CONVERSION = YES_AGGRESSIVE;
				CLANG_CXX_LANGUAGE_STANDARD = "gnu++20";
				CLANG_ENABLE_MODULES = YES;
				CLANG_ENABLE_OBJC_ARC = YES;
				CLANG_ENABLE_OBJC_WEAK = YES;
				CLANG_WARN_BLOCK_CAPTURE_AUTORELEASING = YES;
				CLANG_WARN_BOOL_CONVERSION = YES;
				CLANG_WARN_COMMA = YES;
				CLANG_WARN_CONSTANT_CONVERSION = YES;
				CLANG_WARN_DEPRECATED_OBJC_IMPLEMENTATIONS = YES;
				CLANG_WARN_DIRECT_OBJC_ISA_USAGE = YES_ERROR;
				CLANG_WARN_DOCUMENTATION_COMMENTS = YES;
				CLANG_WARN_EMPTY_BODY = YES;
				CLANG_WARN_ENUM_CONVERSION = YES;
				CLANG_WARN_INFINITE_RECURSION = YES;
				CLANG_WARN_INT_CONVERSION = YES;
				CLANG_WARN_NON_LITERAL_NULL_CONVERSION = YES;
				CLANG_WARN_OBJC_IMPLICIT_RETAIN_SELF = YES;
				CLANG_WARN_OBJC_LITERAL_CONVERSION = YES;
				CLANG_WARN_OBJC_ROOT_CLASS = YES_ERROR;
				CLANG_WARN_QUOTED_INCLUDE_IN_FRAMEWORK_HEADER = YES;
				CLANG_WARN_RANGE_LOOP_ANALYSIS = YES;
				CLANG_WARN_STRICT_PROTOTYPES = YES;
				CLANG_WARN_SUSPICIOUS_MOVE = YES;
				CLANG_WARN_UNGUARDED_AVAILABILITY = YES_AGGRESSIVE;
				CLANG_WARN_UNREACHABLE_CODE = YES;
				CLANG_WARN__DUPLICATE_METHOD_MATCH = YES;
				COPY_PHASE_STRIP = NO;
				DEBUG_INFORMATION_FORMAT = "dwarf-with-dsym";
				ENABLE_NS_ASSERTIONS = NO;
				ENABLE_STRICT_OBJC_MSGSEND = YES;
				GCC_C_LANGUAGE_STANDARD = gnu11;
				GCC_NO_COMMON_BLOCKS = YES;
				GCC_WARN_64_TO_32_BIT_CONVERSION = YES;
				GCC_WARN_ABOUT_RETURN_TYPE = YES_ERROR;
				GCC_WARN_UNDECLARED_SELECTOR = YES;
				GCC_WARN_UNINITIALIZED_AUTOS = YES_AGGRESSIVE;
				GCC_WARN_UNUSED_FUNCTION = YES;
				GCC_WARN_UNUSED_VARIABLE = YES;
				MACOSX_DEPLOYMENT_TARGET = 13.2;
				MTL_ENABLE_DEBUG_INFO = NO;
				MTL_FAST_MATH = YES;
				SDKROOT = macosx;
			};
			name = Release;
		};
		DEA78B7629D97AD000A1BE33 /* Debug */ = {
			isa = XCBuildConfiguration;
			buildSettings = {
				CODE_SIGN_STYLE = Automatic;
				DEVELOPMENT_TEAM = 67UM39UBF8;
				ENABLE_HARDENED_RUNTIME = YES;
				PRODUCT_NAME = "$(TARGET_NAME)";
			};
			name = Debug;
		};
		DEA78B7729D97AD000A1BE33 /* Release */ = {
			isa = XCBuildConfiguration;
			buildSettings = {
				CODE_SIGN_STYLE = Automatic;
				DEVELOPMENT_TEAM = 67UM39UBF8;
				ENABLE_HARDENED_RUNTIME = YES;
				PRODUCT_NAME = "$(TARGET_NAME)";
			};
			name = Release;
		};
/* End XCBuildConfiguration section */

/* Begin XCConfigurationList section */
		DEA78B6929D97AD000A1BE33 /* Build configuration list for PBXProject "CodingTestLecture" */ = {
			isa = XCConfigurationList;
			buildConfigurations = (
				DEA78B7329D97AD000A1BE33 /* Debug */,
				DEA78B7429D97AD000A1BE33 /* Release */,
			);
			defaultConfigurationIsVisible = 0;
			defaultConfigurationName = Release;
		};
		DEA78B7529D97AD000A1BE33 /* Build configuration list for PBXNativeTarget "CodingTestLecture" */ = {
			isa = XCConfigurationList;
			buildConfigurations = (
				DEA78B7629D97AD000A1BE33 /* Debug */,
				DEA78B7729D97AD000A1BE33 /* Release */,
			);
			defaultConfigurationIsVisible = 0;
			defaultConfigurationName = Release;
		};
/* End XCConfigurationList section */
	};
	rootObject = DEA78B6629D97AD000A1BE33 /* Project object */;
}
